// !$*UTF8*$!
{
	archiveVersion = 1;
	classes = {
	};
	objectVersion = 50;
	objects = {

/* Begin PBXBuildFile section */
		FA2A0FA421B28DFF0023C78B /* YandexClient.swift in Sources */ = {isa = PBXBuildFile; fileRef = FA2A0FA321B28DFF0023C78B /* YandexClient.swift */; };
		FA2A0FA621B52C6A0023C78B /* VoiceRecognizer.swift in Sources */ = {isa = PBXBuildFile; fileRef = FA2A0FA521B52C6A0023C78B /* VoiceRecognizer.swift */; };
		FA2A0FA821B536320023C78B /* Keys.plist in Resources */ = {isa = PBXBuildFile; fileRef = FA2A0FA721B536320023C78B /* Keys.plist */; };
		FA4D279821B00F1C000288D4 /* BottomView.swift in Sources */ = {isa = PBXBuildFile; fileRef = FA4D279721B00F1C000288D4 /* BottomView.swift */; };
		FA94294221AD27C300AC8F7F /* AppDelegate.swift in Sources */ = {isa = PBXBuildFile; fileRef = FA94294121AD27C300AC8F7F /* AppDelegate.swift */; };
		FA94294921AD27C400AC8F7F /* Assets.xcassets in Resources */ = {isa = PBXBuildFile; fileRef = FA94294821AD27C400AC8F7F /* Assets.xcassets */; };
		FA94294C21AD27C400AC8F7F /* LaunchScreen.storyboard in Resources */ = {isa = PBXBuildFile; fileRef = FA94294A21AD27C400AC8F7F /* LaunchScreen.storyboard */; };
		FA94295421AD27D300AC8F7F /* ChatMessageCell.swift in Sources */ = {isa = PBXBuildFile; fileRef = FA94295321AD27D300AC8F7F /* ChatMessageCell.swift */; };
		FA94295621AD27DD00AC8F7F /* ViewController.swift in Sources */ = {isa = PBXBuildFile; fileRef = FA94295521AD27DD00AC8F7F /* ViewController.swift */; };
/* End PBXBuildFile section */

/* Begin PBXFileReference section */
		FA2A0FA321B28DFF0023C78B /* YandexClient.swift */ = {isa = PBXFileReference; lastKnownFileType = sourcecode.swift; path = YandexClient.swift; sourceTree = "<group>"; };
		FA2A0FA521B52C6A0023C78B /* VoiceRecognizer.swift */ = {isa = PBXFileReference; lastKnownFileType = sourcecode.swift; path = VoiceRecognizer.swift; sourceTree = "<group>"; };
		FA2A0FA721B536320023C78B /* Keys.plist */ = {isa = PBXFileReference; lastKnownFileType = text.plist.xml; path = Keys.plist; sourceTree = "<group>"; };
		FA4D279721B00F1C000288D4 /* BottomView.swift */ = {isa = PBXFileReference; lastKnownFileType = sourcecode.swift; path = BottomView.swift; sourceTree = "<group>"; };
		FA94293E21AD27C300AC8F7F /* TestMessage.app */ = {isa = PBXFileReference; explicitFileType = wrapper.application; includeInIndex = 0; path = TestMessage.app; sourceTree = BUILT_PRODUCTS_DIR; };
		FA94294121AD27C300AC8F7F /* AppDelegate.swift */ = {isa = PBXFileReference; lastKnownFileType = sourcecode.swift; path = AppDelegate.swift; sourceTree = "<group>"; };
		FA94294821AD27C400AC8F7F /* Assets.xcassets */ = {isa = PBXFileReference; lastKnownFileType = folder.assetcatalog; path = Assets.xcassets; sourceTree = "<group>"; };
		FA94294B21AD27C400AC8F7F /* Base */ = {isa = PBXFileReference; lastKnownFileType = file.storyboard; name = Base; path = Base.lproj/LaunchScreen.storyboard; sourceTree = "<group>"; };
		FA94294D21AD27C400AC8F7F /* Info.plist */ = {isa = PBXFileReference; lastKnownFileType = text.plist.xml; path = Info.plist; sourceTree = "<group>"; };
		FA94295321AD27D300AC8F7F /* ChatMessageCell.swift */ = {isa = PBXFileReference; fileEncoding = 4; lastKnownFileType = sourcecode.swift; path = ChatMessageCell.swift; sourceTree = "<group>"; };
		FA94295521AD27DD00AC8F7F /* ViewController.swift */ = {isa = PBXFileReference; fileEncoding = 4; lastKnownFileType = sourcecode.swift; path = ViewController.swift; sourceTree = "<group>"; };
/* End PBXFileReference section */

/* Begin PBXFrameworksBuildPhase section */
		FA94293B21AD27C300AC8F7F /* Frameworks */ = {
			isa = PBXFrameworksBuildPhase;
			buildActionMask = 2147483647;
			files = (
			);
			runOnlyForDeploymentPostprocessing = 0;
		};
/* End PBXFrameworksBuildPhase section */

/* Begin PBXGroup section */
		FA94293521AD27C300AC8F7F = {
			isa = PBXGroup;
			children = (
				FA94294021AD27C300AC8F7F /* TestMessage */,
				FA94293F21AD27C300AC8F7F /* Products */,
			);
			sourceTree = "<group>";
		};
		FA94293F21AD27C300AC8F7F /* Products */ = {
			isa = PBXGroup;
			children = (
				FA94293E21AD27C300AC8F7F /* TestMessage.app */,
			);
			name = Products;
			sourceTree = "<group>";
		};
		FA94294021AD27C300AC8F7F /* TestMessage */ = {
			isa = PBXGroup;
			children = (
				FA94294121AD27C300AC8F7F /* AppDelegate.swift */,
				FA94295521AD27DD00AC8F7F /* ViewController.swift */,
				FA4D279721B00F1C000288D4 /* BottomView.swift */,
				FA94295321AD27D300AC8F7F /* ChatMessageCell.swift */,
				FA2A0FA321B28DFF0023C78B /* YandexClient.swift */,
				FA2A0FA521B52C6A0023C78B /* VoiceRecognizer.swift */,
				FA94294821AD27C400AC8F7F /* Assets.xcassets */,
				FA94294A21AD27C400AC8F7F /* LaunchScreen.storyboard */,
				FA2A0FA721B536320023C78B /* Keys.plist */,
				FA94294D21AD27C400AC8F7F /* Info.plist */,
			);
			path = TestMessage;
			sourceTree = "<group>";
		};
/* End PBXGroup section */

/* Begin PBXNativeTarget section */
		FA94293D21AD27C300AC8F7F /* TestMessage */ = {
			isa = PBXNativeTarget;
			buildConfigurationList = FA94295021AD27C400AC8F7F /* Build configuration list for PBXNativeTarget "TestMessage" */;
			buildPhases = (
				FA94293A21AD27C300AC8F7F /* Sources */,
				FA94293B21AD27C300AC8F7F /* Frameworks */,
				FA94293C21AD27C300AC8F7F /* Resources */,
			);
			buildRules = (
			);
			dependencies = (
			);
			name = TestMessage;
			productName = TestMessage;
			productReference = FA94293E21AD27C300AC8F7F /* TestMessage.app */;
			productType = "com.apple.product-type.application";
		};
/* End PBXNativeTarget section */

/* Begin PBXProject section */
		FA94293621AD27C300AC8F7F /* Project object */ = {
			isa = PBXProject;
			attributes = {
				LastSwiftUpdateCheck = 1010;
				LastUpgradeCheck = 1010;
				ORGANIZATIONNAME = Ilya;
				TargetAttributes = {
					FA94293D21AD27C300AC8F7F = {
						CreatedOnToolsVersion = 10.1;
					};
				};
			};
			buildConfigurationList = FA94293921AD27C300AC8F7F /* Build configuration list for PBXProject "TestMessage" */;
			compatibilityVersion = "Xcode 9.3";
			developmentRegion = en;
			hasScannedForEncodings = 0;
			knownRegions = (
				en,
				Base,
			);
			mainGroup = FA94293521AD27C300AC8F7F;
			productRefGroup = FA94293F21AD27C300AC8F7F /* Products */;
			projectDirPath = "";
			projectRoot = "";
			targets = (
				FA94293D21AD27C300AC8F7F /* TestMessage */,
			);
		};
/* End PBXProject section */

/* Begin PBXResourcesBuildPhase section */
		FA94293C21AD27C300AC8F7F /* Resources */ = {
			isa = PBXResourcesBuildPhase;
			buildActionMask = 2147483647;
			files = (
				FA2A0FA821B536320023C78B /* Keys.plist in Resources */,
				FA94294C21AD27C400AC8F7F /* LaunchScreen.storyboard in Resources */,
				FA94294921AD27C400AC8F7F /* Assets.xcassets in Resources */,
			);
			runOnlyForDeploymentPostprocessing = 0;
		};
/* End PBXResourcesBuildPhase section */

/* Begin PBXSourcesBuildPhase section */
		FA94293A21AD27C300AC8F7F /* Sources */ = {
			isa = PBXSourcesBuildPhase;
			buildActionMask = 2147483647;
			files = (
				FA94295621AD27DD00AC8F7F /* ViewController.swift in Sources */,
				FA94295421AD27D300AC8F7F /* ChatMessageCell.swift in Sources */,
				FA2A0FA621B52C6A0023C78B /* VoiceRecognizer.swift in Sources */,
				FA94294221AD27C300AC8F7F /* AppDelegate.swift in Sources */,
				FA4D279821B00F1C000288D4 /* BottomView.swift in Sources */,
				FA2A0FA421B28DFF0023C78B /* YandexClient.swift in Sources */,
			);
			runOnlyForDeploymentPostprocessing = 0;
		};
/* End PBXSourcesBuildPhase section */

/* Begin PBXVariantGroup section */
		FA94294A21AD27C400AC8F7F /* LaunchScreen.storyboard */ = {
			isa = PBXVariantGroup;
			children = (
				FA94294B21AD27C400AC8F7F /* Base */,
			);
			name = LaunchScreen.storyboard;
			sourceTree = "<group>";
		};
/* End PBXVariantGroup section */

/* Begin XCBuildConfiguration section */
		FA94294E21AD27C400AC8F7F /* Debug */ = {
			isa = XCBuildConfiguration;
			buildSettings = {
				ALWAYS_SEARCH_USER_PATHS = NO;
				CLANG_ANALYZER_NONNULL = YES;
				CLANG_ANALYZER_NUMBER_OBJECT_CONVERSION = YES_AGGRESSIVE;
				CLANG_CXX_LANGUAGE_STANDARD = "gnu++14";
				CLANG_CXX_LIBRARY = "libc++";
				CLANG_ENABLE_MODULES = YES;
				CLANG_ENABLE_OBJC_ARC = YES;
				CLANG_ENABLE_OBJC_WEAK = YES;
				CLANG_WARN_BLOCK_CAPTURE_AUTORELEASING = YES;
				CLANG_WARN_BOOL_CONVERSION = YES;
				CLANG_WARN_COMMA = YES;
				CLANG_WARN_CONSTANT_CONVERSION = YES;
				CLANG_WARN_DEPRECATED_OBJC_IMPLEMENTATIONS = YES;
				CLANG_WARN_DIRECT_OBJC_ISA_USAGE = YES_ERROR;
				CLANG_WARN_DOCUMENTATION_COMMENTS = YES;
				CLANG_WARN_EMPTY_BODY = YES;
				CLANG_WARN_ENUM_CONVERSION = YES;
				CLANG_WARN_INFINITE_RECURSION = YES;
				CLANG_WARN_INT_CONVERSION = YES;
				CLANG_WARN_NON_LITERAL_NULL_CONVERSION = YES;
				CLANG_WARN_OBJC_IMPLICIT_RETAIN_SELF = YES;
				CLANG_WARN_OBJC_LITERAL_CONVERSION = YES;
				CLANG_WARN_OBJC_ROOT_CLASS = YES_ERROR;
				CLANG_WARN_RANGE_LOOP_ANALYSIS = YES;
				CLANG_WARN_STRICT_PROTOTYPES = YES;
				CLANG_WARN_SUSPICIOUS_MOVE = YES;
				CLANG_WARN_UNGUARDED_AVAILABILITY = YES_AGGRESSIVE;
				CLANG_WARN_UNREACHABLE_CODE = YES;
				CLANG_WARN__DUPLICATE_METHOD_MATCH = YES;
				CODE_SIGN_IDENTITY = "iPhone Developer";
				COPY_PHASE_STRIP = NO;
				DEBUG_INFORMATION_FORMAT = dwarf;
				ENABLE_STRICT_OBJC_MSGSEND = YES;
				ENABLE_TESTABILITY = YES;
				GCC_C_LANGUAGE_STANDARD = gnu11;
				GCC_DYNAMIC_NO_PIC = NO;
				GCC_NO_COMMON_BLOCKS = YES;
				GCC_OPTIMIZATION_LEVEL = 0;
				GCC_PREPROCESSOR_DEFINITIONS = (
					"DEBUG=1",
					"$(inherited)",
				);
				GCC_WARN_64_TO_32_BIT_CONVERSION = YES;
				GCC_WARN_ABOUT_RETURN_TYPE = YES_ERROR;
				GCC_WARN_UNDECLARED_SELECTOR = YES;
				GCC_WARN_UNINITIALIZED_AUTOS = YES_AGGRESSIVE;
				GCC_WARN_UNUSED_FUNCTION = YES;
				GCC_WARN_UNUSED_VARIABLE = YES;
				IPHONEOS_DEPLOYMENT_TARGET = 12.1;
				MTL_ENABLE_DEBUG_INFO = INCLUDE_SOURCE;
				MTL_FAST_MATH = YES;
				ONLY_ACTIVE_ARCH = YES;
				SDKROOT = iphoneos;
				SWIFT_ACTIVE_COMPILATION_CONDITIONS = DEBUG;
				SWIFT_OPTIMIZATION_LEVEL = "-Onone";
			};
			name = Debug;
		};
		FA94294F21AD27C400AC8F7F /* Release */ = {
			isa = XCBuildConfiguration;
			buildSettings = {
				ALWAYS_SEARCH_USER_PATHS = NO;
				CLANG_ANALYZER_NONNULL = YES;
				CLANG_ANALYZER_NUMBER_OBJECT_CONVERSION = YES_AGGRESSIVE;
				CLANG_CXX_LANGUAGE_STANDARD = "gnu++14";
				CLANG_CXX_LIBRARY = "libc++";
				CLANG_ENABLE_MODULES = YES;
				CLANG_ENABLE_OBJC_ARC = YES;
				CLANG_ENABLE_OBJC_WEAK = YES;
				CLANG_WARN_BLOCK_CAPTURE_AUTORELEASING = YES;
				CLANG_WARN_BOOL_CONVERSION = YES;
				CLANG_WARN_COMMA = YES;
				CLANG_WARN_CONSTANT_CONVERSION = YES;
				CLANG_WARN_DEPRECATED_OBJC_IMPLEMENTATIONS = YES;
				CLANG_WARN_DIRECT_OBJC_ISA_USAGE = YES_ERROR;
				CLANG_WARN_DOCUMENTATION_COMMENTS = YES;
				CLANG_WARN_EMPTY_BODY = YES;
				CLANG_WARN_ENUM_CONVERSION = YES;
				CLANG_WARN_INFINITE_RECURSION = YES;
				CLANG_WARN_INT_CONVERSION = YES;
				CLANG_WARN_NON_LITERAL_NULL_CONVERSION = YES;
				CLANG_WARN_OBJC_IMPLICIT_RETAIN_SELF = YES;
				CLANG_WARN_OBJC_LITERAL_CONVERSION = YES;
				CLANG_WARN_OBJC_ROOT_CLASS = YES_ERROR;
				CLANG_WARN_RANGE_LOOP_ANALYSIS = YES;
				CLANG_WARN_STRICT_PROTOTYPES = YES;
				CLANG_WARN_SUSPICIOUS_MOVE = YES;
				CLANG_WARN_UNGUARDED_AVAILABILITY = YES_AGGRESSIVE;
				CLANG_WARN_UNREACHABLE_CODE = YES;
				CLANG_WARN__DUPLICATE_METHOD_MATCH = YES;
				CODE_SIGN_IDENTITY = "iPhone Developer";
				COPY_PHASE_STRIP = NO;
				DEBUG_INFORMATION_FORMAT = "dwarf-with-dsym";
				ENABLE_NS_ASSERTIONS = NO;
				ENABLE_STRICT_OBJC_MSGSEND = YES;
				GCC_C_LANGUAGE_STANDARD = gnu11;
				GCC_NO_COMMON_BLOCKS = YES;
				GCC_WARN_64_TO_32_BIT_CONVERSION = YES;
				GCC_WARN_ABOUT_RETURN_TYPE = YES_ERROR;
				GCC_WARN_UNDECLARED_SELECTOR = YES;
				GCC_WARN_UNINITIALIZED_AUTOS = YES_AGGRESSIVE;
				GCC_WARN_UNUSED_FUNCTION = YES;
				GCC_WARN_UNUSED_VARIABLE = YES;
				IPHONEOS_DEPLOYMENT_TARGET = 12.1;
				MTL_ENABLE_DEBUG_INFO = NO;
				MTL_FAST_MATH = YES;
				SDKROOT = iphoneos;
				SWIFT_COMPILATION_MODE = wholemodule;
				SWIFT_OPTIMIZATION_LEVEL = "-O";
				VALIDATE_PRODUCT = YES;
			};
			name = Release;
		};
		FA94295121AD27C400AC8F7F /* Debug */ = {
			isa = XCBuildConfiguration;
			buildSettings = {
				ASSETCATALOG_COMPILER_APPICON_NAME = AppIcon;
				CODE_SIGN_STYLE = Automatic;
				DEVELOPMENT_TEAM = NY38MY3TDQ;
				INFOPLIST_FILE = TestMessage/Info.plist;
				LD_RUNPATH_SEARCH_PATHS = (
					"$(inherited)",
					"@executable_path/Frameworks",
				);
				PRODUCT_BUNDLE_IDENTIFIER = olaoshka.TestMessage;
				PRODUCT_NAME = "$(TARGET_NAME)";
				SWIFT_VERSION = 4.2;
				TARGETED_DEVICE_FAMILY = "1,2";
			};
			name = Debug;
		};
		FA94295221AD27C400AC8F7F /* Release */ = {
			isa = XCBuildConfiguration;
			buildSettings = {
				ASSETCATALOG_COMPILER_APPICON_NAME = AppIcon;
				CODE_SIGN_STYLE = Automatic;
				DEVELOPMENT_TEAM = NY38MY3TDQ;
				INFOPLIST_FILE = TestMessage/Info.plist;
				LD_RUNPATH_SEARCH_PATHS = (
					"$(inherited)",
					"@executable_path/Frameworks",
				);
				PRODUCT_BUNDLE_IDENTIFIER = olaoshka.TestMessage;
				PRODUCT_NAME = "$(TARGET_NAME)";
				SWIFT_VERSION = 4.2;
				TARGETED_DEVICE_FAMILY = "1,2";
			};
			name = Release;
		};
/* End XCBuildConfiguration section */

/* Begin XCConfigurationList section */
		FA94293921AD27C300AC8F7F /* Build configuration list for PBXProject "TestMessage" */ = {
			isa = XCConfigurationList;
			buildConfigurations = (
				FA94294E21AD27C400AC8F7F /* Debug */,
				FA94294F21AD27C400AC8F7F /* Release */,
			);
			defaultConfigurationIsVisible = 0;
			defaultConfigurationName = Release;
		};
		FA94295021AD27C400AC8F7F /* Build configuration list for PBXNativeTarget "TestMessage" */ = {
			isa = XCConfigurationList;
			buildConfigurations = (
				FA94295121AD27C400AC8F7F /* Debug */,
				FA94295221AD27C400AC8F7F /* Release */,
			);
			defaultConfigurationIsVisible = 0;
			defaultConfigurationName = Release;
		};
/* End XCConfigurationList section */
	};
	rootObject = FA94293621AD27C300AC8F7F /* Project object */;
}
